
Microsoft Visual Studio Solution File, Format Version 12.00
# Visual Studio Version 17
VisualStudioVersion = 17.8.34309.116
MinimumVisualStudioVersion = 10.0.40219.1
Project("{FAE04EC0-301F-11D3-BF4B-00C04F79EFBC}") = "WSM.Mapping", "WSM.Mapping\WSM.Mapping.csproj", "{60511B6A-349A-40A9-888C-9AB559F9E592}"
EndProject
Global
	GlobalSection(SolutionConfigurationPlatforms) = preSolution
		Debug|Any CPU = Debug|Any CPU
		Release|Any CPU = Release|Any CPU
	EndGlobalSection
	GlobalSection(ProjectConfigurationPlatforms) = postSolution
		{60511B6A-349A-40A9-888C-9AB559F9E592}.Debug|Any CPU.ActiveCfg = Debug|Any CPU
		{60511B6A-349A-40A9-888C-9AB559F9E592}.Debug|Any CPU.Build.0 = Debug|Any CPU
		{60511B6A-349A-40A9-888C-9AB559F9E592}.Release|Any CPU.ActiveCfg = Release|Any CPU
		{60511B6A-349A-40A9-888C-9AB559F9E592}.Release|Any CPU.Build.0 = Release|Any CPU
	EndGlobalSection
	GlobalSection(SolutionProperties) = preSolution
		HideSolutionNode = FALSE
	EndGlobalSection
	GlobalSection(ExtensibilityGlobals) = postSolution
		SolutionGuid = {3F986856-4074-4586-9185-217080F60215}
	EndGlobalSection
EndGlobal
